
Microsoft Visual Studio Solution File, Format Version 11.00
# Visual Studio 2010
Project("{FAE04EC0-301F-11D3-BF4B-00C04F79EFBC}") = "RedCelular.WebApp", "RedCelular\RedCelular.WebApp.csproj", "{8AEF56A6-4623-48DB-88F8-9D4395653C44}"
EndProject
Project("{FAE04EC0-301F-11D3-BF4B-00C04F79EFBC}") = "RedCelular.Framework", "RedCelular.SchemaGenerator\RedCelular.Framework.csproj", "{309D8DFD-54D8-4710-85AE-23A5AD4912E3}"
EndProject
Global
	GlobalSection(SolutionConfigurationPlatforms) = preSolution
		Debug|Any CPU = Debug|Any CPU
		Release|Any CPU = Release|Any CPU
	EndGlobalSection
	GlobalSection(ProjectConfigurationPlatforms) = postSolution
		{8AEF56A6-4623-48DB-88F8-9D4395653C44}.Debug|Any CPU.ActiveCfg = Debug|Any CPU
		{8AEF56A6-4623-48DB-88F8-9D4395653C44}.Debug|Any CPU.Build.0 = Debug|Any CPU
		{8AEF56A6-4623-48DB-88F8-9D4395653C44}.Release|Any CPU.ActiveCfg = Release|Any CPU
		{8AEF56A6-4623-48DB-88F8-9D4395653C44}.Release|Any CPU.Build.0 = Release|Any CPU
		{309D8DFD-54D8-4710-85AE-23A5AD4912E3}.Debug|Any CPU.ActiveCfg = Debug|Any CPU
		{309D8DFD-54D8-4710-85AE-23A5AD4912E3}.Debug|Any CPU.Build.0 = Debug|Any CPU
		{309D8DFD-54D8-4710-85AE-23A5AD4912E3}.Release|Any CPU.ActiveCfg = Release|Any CPU
		{309D8DFD-54D8-4710-85AE-23A5AD4912E3}.Release|Any CPU.Build.0 = Release|Any CPU
	EndGlobalSection
	GlobalSection(SolutionProperties) = preSolution
		HideSolutionNode = FALSE
	EndGlobalSection
EndGlobal
